// !$*UTF8*$!
{
	archiveVersion = 1;
	classes = {
	};
	objectVersion = 46;
	objects = {

/* Begin PBXBuildFile section */
		8C12943A1F3A074D00550D6E /* AppDelegate.swift in Sources */ = {isa = PBXBuildFile; fileRef = 8C1294391F3A074D00550D6E /* AppDelegate.swift */; };
		8C12943C1F3A074D00550D6E /* ViewController.swift in Sources */ = {isa = PBXBuildFile; fileRef = 8C12943B1F3A074D00550D6E /* ViewController.swift */; };
		8C12943F1F3A074D00550D6E /* Main.storyboard in Resources */ = {isa = PBXBuildFile; fileRef = 8C12943D1F3A074D00550D6E /* Main.storyboard */; };
		8C1294411F3A074D00550D6E /* Assets.xcassets in Resources */ = {isa = PBXBuildFile; fileRef = 8C1294401F3A074D00550D6E /* Assets.xcassets */; };
		8C1294441F3A074D00550D6E /* LaunchScreen.storyboard in Resources */ = {isa = PBXBuildFile; fileRef = 8C1294421F3A074D00550D6E /* LaunchScreen.storyboard */; };
		8C12944F1F3A074D00550D6E /* SWRevealViewTests.swift in Sources */ = {isa = PBXBuildFile; fileRef = 8C12944E1F3A074D00550D6E /* SWRevealViewTests.swift */; };
		8C12945A1F3A074D00550D6E /* SWRevealViewUITests.swift in Sources */ = {isa = PBXBuildFile; fileRef = 8C1294591F3A074D00550D6E /* SWRevealViewUITests.swift */; };
		8C12946A1F3A082700550D6E /* SWRevealViewController.m in Sources */ = {isa = PBXBuildFile; fileRef = 8C1294691F3A082700550D6E /* SWRevealViewController.m */; };
		8C532B541F3A1B74001F645B /* LeftMenuViewController.swift in Sources */ = {isa = PBXBuildFile; fileRef = 8C532B531F3A1B74001F645B /* LeftMenuViewController.swift */; };
/* End PBXBuildFile section */

/* Begin PBXContainerItemProxy section */
		8C12944B1F3A074D00550D6E /* PBXContainerItemProxy */ = {
			isa = PBXContainerItemProxy;
			containerPortal = 8C12942E1F3A074D00550D6E /* Project object */;
			proxyType = 1;
			remoteGlobalIDString = 8C1294351F3A074D00550D6E;
			remoteInfo = SWRevealView;
		};
		8C1294561F3A074D00550D6E /* PBXContainerItemProxy */ = {
			isa = PBXContainerItemProxy;
			containerPortal = 8C12942E1F3A074D00550D6E /* Project object */;
			proxyType = 1;
			remoteGlobalIDString = 8C1294351F3A074D00550D6E;
			remoteInfo = SWRevealView;
		};
/* End PBXContainerItemProxy section */

/* Begin PBXFileReference section */
		8C1294361F3A074D00550D6E /* SWRevealView.app */ = {isa = PBXFileReference; explicitFileType = wrapper.application; includeInIndex = 0; path = SWRevealView.app; sourceTree = BUILT_PRODUCTS_DIR; };
		8C1294391F3A074D00550D6E /* AppDelegate.swift */ = {isa = PBXFileReference; lastKnownFileType = sourcecode.swift; path = AppDelegate.swift; sourceTree = "<group>"; };
		8C12943B1F3A074D00550D6E /* ViewController.swift */ = {isa = PBXFileReference; lastKnownFileType = sourcecode.swift; path = ViewController.swift; sourceTree = "<group>"; };
		8C12943E1F3A074D00550D6E /* Base */ = {isa = PBXFileReference; lastKnownFileType = file.storyboard; name = Base; path = Base.lproj/Main.storyboard; sourceTree = "<group>"; };
		8C1294401F3A074D00550D6E /* Assets.xcassets */ = {isa = PBXFileReference; lastKnownFileType = folder.assetcatalog; path = Assets.xcassets; sourceTree = "<group>"; };
		8C1294431F3A074D00550D6E /* Base */ = {isa = PBXFileReference; lastKnownFileType = file.storyboard; name = Base; path = Base.lproj/LaunchScreen.storyboard; sourceTree = "<group>"; };
		8C1294451F3A074D00550D6E /* Info.plist */ = {isa = PBXFileReference; lastKnownFileType = text.plist.xml; path = Info.plist; sourceTree = "<group>"; };
		8C12944A1F3A074D00550D6E /* SWRevealViewTests.xctest */ = {isa = PBXFileReference; explicitFileType = wrapper.cfbundle; includeInIndex = 0; path = SWRevealViewTests.xctest; sourceTree = BUILT_PRODUCTS_DIR; };
		8C12944E1F3A074D00550D6E /* SWRevealViewTests.swift */ = {isa = PBXFileReference; lastKnownFileType = sourcecode.swift; path = SWRevealViewTests.swift; sourceTree = "<group>"; };
		8C1294501F3A074D00550D6E /* Info.plist */ = {isa = PBXFileReference; lastKnownFileType = text.plist.xml; path = Info.plist; sourceTree = "<group>"; };
		8C1294551F3A074D00550D6E /* SWRevealViewUITests.xctest */ = {isa = PBXFileReference; explicitFileType = wrapper.cfbundle; includeInIndex = 0; path = SWRevealViewUITests.xctest; sourceTree = BUILT_PRODUCTS_DIR; };
		8C1294591F3A074D00550D6E /* SWRevealViewUITests.swift */ = {isa = PBXFileReference; lastKnownFileType = sourcecode.swift; path = SWRevealViewUITests.swift; sourceTree = "<group>"; };
		8C12945B1F3A074D00550D6E /* Info.plist */ = {isa = PBXFileReference; lastKnownFileType = text.plist.xml; path = Info.plist; sourceTree = "<group>"; };
		8C1294671F3A082700550D6E /* SWRevealView-Bridging-Header.h */ = {isa = PBXFileReference; lastKnownFileType = sourcecode.c.h; path = "SWRevealView-Bridging-Header.h"; sourceTree = "<group>"; };
		8C1294681F3A082700550D6E /* SWRevealViewController.h */ = {isa = PBXFileReference; fileEncoding = 4; lastKnownFileType = sourcecode.c.h; path = SWRevealViewController.h; sourceTree = "<group>"; };
		8C1294691F3A082700550D6E /* SWRevealViewController.m */ = {isa = PBXFileReference; fileEncoding = 4; lastKnownFileType = sourcecode.c.objc; path = SWRevealViewController.m; sourceTree = "<group>"; };
		8C532B531F3A1B74001F645B /* LeftMenuViewController.swift */ = {isa = PBXFileReference; fileEncoding = 4; lastKnownFileType = sourcecode.swift; path = LeftMenuViewController.swift; sourceTree = "<group>"; };
/* End PBXFileReference section */

/* Begin PBXFrameworksBuildPhase section */
		8C1294331F3A074D00550D6E /* Frameworks */ = {
			isa = PBXFrameworksBuildPhase;
			buildActionMask = 2147483647;
			files = (
			);
			runOnlyForDeploymentPostprocessing = 0;
		};
		8C1294471F3A074D00550D6E /* Frameworks */ = {
			isa = PBXFrameworksBuildPhase;
			buildActionMask = 2147483647;
			files = (
			);
			runOnlyForDeploymentPostprocessing = 0;
		};
		8C1294521F3A074D00550D6E /* Frameworks */ = {
			isa = PBXFrameworksBuildPhase;
			buildActionMask = 2147483647;
			files = (
			);
			runOnlyForDeploymentPostprocessing = 0;
		};
/* End PBXFrameworksBuildPhase section */

/* Begin PBXGroup section */
		8C12942D1F3A074D00550D6E = {
			isa = PBXGroup;
			children = (
				8C1294381F3A074D00550D6E /* SWRevealView */,
				8C12944D1F3A074D00550D6E /* SWRevealViewTests */,
				8C1294581F3A074D00550D6E /* SWRevealViewUITests */,
				8C1294371F3A074D00550D6E /* Products */,
			);
			sourceTree = "<group>";
		};
		8C1294371F3A074D00550D6E /* Products */ = {
			isa = PBXGroup;
			children = (
				8C1294361F3A074D00550D6E /* SWRevealView.app */,
				8C12944A1F3A074D00550D6E /* SWRevealViewTests.xctest */,
				8C1294551F3A074D00550D6E /* SWRevealViewUITests.xctest */,
			);
			name = Products;
			sourceTree = "<group>";
		};
		8C1294381F3A074D00550D6E /* SWRevealView */ = {
			isa = PBXGroup;
			children = (
				8C12946B1F3A083B00550D6E /* libraries */,
				8C1294391F3A074D00550D6E /* AppDelegate.swift */,
				8C12943B1F3A074D00550D6E /* ViewController.swift */,
				8C532B531F3A1B74001F645B /* LeftMenuViewController.swift */,
				8C12943D1F3A074D00550D6E /* Main.storyboard */,
				8C1294421F3A074D00550D6E /* LaunchScreen.storyboard */,
				8C1294401F3A074D00550D6E /* Assets.xcassets */,
				8C1294451F3A074D00550D6E /* Info.plist */,
				8C1294671F3A082700550D6E /* SWRevealView-Bridging-Header.h */,
			);
			path = SWRevealView;
			sourceTree = "<group>";
		};
		8C12944D1F3A074D00550D6E /* SWRevealViewTests */ = {
			isa = PBXGroup;
			children = (
				8C12944E1F3A074D00550D6E /* SWRevealViewTests.swift */,
				8C1294501F3A074D00550D6E /* Info.plist */,
			);
			path = SWRevealViewTests;
			sourceTree = "<group>";
		};
		8C1294581F3A074D00550D6E /* SWRevealViewUITests */ = {
			isa = PBXGroup;
			children = (
				8C1294591F3A074D00550D6E /* SWRevealViewUITests.swift */,
				8C12945B1F3A074D00550D6E /* Info.plist */,
			);
			path = SWRevealViewUITests;
			sourceTree = "<group>";
		};
		8C12946B1F3A083B00550D6E /* libraries */ = {
			isa = PBXGroup;
			children = (
				8C1294681F3A082700550D6E /* SWRevealViewController.h */,
				8C1294691F3A082700550D6E /* SWRevealViewController.m */,
			);
			name = libraries;
			sourceTree = "<group>";
		};
/* End PBXGroup section */

/* Begin PBXNativeTarget section */
		8C1294351F3A074D00550D6E /* SWRevealView */ = {
			isa = PBXNativeTarget;
			buildConfigurationList = 8C12945E1F3A074D00550D6E /* Build configuration list for PBXNativeTarget "SWRevealView" */;
			buildPhases = (
				8C1294321F3A074D00550D6E /* Sources */,
				8C1294331F3A074D00550D6E /* Frameworks */,
				8C1294341F3A074D00550D6E /* Resources */,
			);
			buildRules = (
			);
			dependencies = (
			);
			name = SWRevealView;
			productName = SWRevealView;
			productReference = 8C1294361F3A074D00550D6E /* SWRevealView.app */;
			productType = "com.apple.product-type.application";
		};
		8C1294491F3A074D00550D6E /* SWRevealViewTests */ = {
			isa = PBXNativeTarget;
			buildConfigurationList = 8C1294611F3A074D00550D6E /* Build configuration list for PBXNativeTarget "SWRevealViewTests" */;
			buildPhases = (
				8C1294461F3A074D00550D6E /* Sources */,
				8C1294471F3A074D00550D6E /* Frameworks */,
				8C1294481F3A074D00550D6E /* Resources */,
			);
			buildRules = (
			);
			dependencies = (
				8C12944C1F3A074D00550D6E /* PBXTargetDependency */,
			);
			name = SWRevealViewTests;
			productName = SWRevealViewTests;
			productReference = 8C12944A1F3A074D00550D6E /* SWRevealViewTests.xctest */;
			productType = "com.apple.product-type.bundle.unit-test";
		};
		8C1294541F3A074D00550D6E /* SWRevealViewUITests */ = {
			isa = PBXNativeTarget;
			buildConfigurationList = 8C1294641F3A074D00550D6E /* Build configuration list for PBXNativeTarget "SWRevealViewUITests" */;
			buildPhases = (
				8C1294511F3A074D00550D6E /* Sources */,
				8C1294521F3A074D00550D6E /* Frameworks */,
				8C1294531F3A074D00550D6E /* Resources */,
			);
			buildRules = (
			);
			dependencies = (
				8C1294571F3A074D00550D6E /* PBXTargetDependency */,
			);
			name = SWRevealViewUITests;
			productName = SWRevealViewUITests;
			productReference = 8C1294551F3A074D00550D6E /* SWRevealViewUITests.xctest */;
			productType = "com.apple.product-type.bundle.ui-testing";
		};
/* End PBXNativeTarget section */

/* Begin PBXProject section */
		8C12942E1F3A074D00550D6E /* Project object */ = {
			isa = PBXProject;
			attributes = {
				LastSwiftUpdateCheck = 0830;
				LastUpgradeCheck = 0830;
				ORGANIZATIONNAME = HSB;
				TargetAttributes = {
					8C1294351F3A074D00550D6E = {
						CreatedOnToolsVersion = 8.3.3;
						DevelopmentTeam = PETS3Y3UCQ;
						LastSwiftMigration = 0830;
						ProvisioningStyle = Automatic;
					};
					8C1294491F3A074D00550D6E = {
						CreatedOnToolsVersion = 8.3.3;
						DevelopmentTeam = PETS3Y3UCQ;
						ProvisioningStyle = Automatic;
						TestTargetID = 8C1294351F3A074D00550D6E;
					};
					8C1294541F3A074D00550D6E = {
						CreatedOnToolsVersion = 8.3.3;
						DevelopmentTeam = PETS3Y3UCQ;
						ProvisioningStyle = Automatic;
						TestTargetID = 8C1294351F3A074D00550D6E;
					};
				};
			};
			buildConfigurationList = 8C1294311F3A074D00550D6E /* Build configuration list for PBXProject "SWRevealView" */;
			compatibilityVersion = "Xcode 3.2";
			developmentRegion = English;
			hasScannedForEncodings = 0;
			knownRegions = (
				en,
				Base,
			);
			mainGroup = 8C12942D1F3A074D00550D6E;
			productRefGroup = 8C1294371F3A074D00550D6E /* Products */;
			projectDirPath = "";
			projectRoot = "";
			targets = (
				8C1294351F3A074D00550D6E /* SWRevealView */,
				8C1294491F3A074D00550D6E /* SWRevealViewTests */,
				8C1294541F3A074D00550D6E /* SWRevealViewUITests */,
			);
		};
/* End PBXProject section */

/* Begin PBXResourcesBuildPhase section */
		8C1294341F3A074D00550D6E /* Resources */ = {
			isa = PBXResourcesBuildPhase;
			buildActionMask = 2147483647;
			files = (
				8C1294441F3A074D00550D6E /* LaunchScreen.storyboard in Resources */,
				8C1294411F3A074D00550D6E /* Assets.xcassets in Resources */,
				8C12943F1F3A074D00550D6E /* Main.storyboard in Resources */,
			);
			runOnlyForDeploymentPostprocessing = 0;
		};
		8C1294481F3A074D00550D6E /* Resources */ = {
			isa = PBXResourcesBuildPhase;
			buildActionMask = 2147483647;
			files = (
			);
			runOnlyForDeploymentPostprocessing = 0;
		};
		8C1294531F3A074D00550D6E /* Resources */ = {
			isa = PBXResourcesBuildPhase;
			buildActionMask = 2147483647;
			files = (
			);
			runOnlyForDeploymentPostprocessing = 0;
		};
/* End PBXResourcesBuildPhase section */

/* Begin PBXSourcesBuildPhase section */
		8C1294321F3A074D00550D6E /* Sources */ = {
			isa = PBXSourcesBuildPhase;
			buildActionMask = 2147483647;
			files = (
				8C12943C1F3A074D00550D6E /* ViewController.swift in Sources */,
				8C12943A1F3A074D00550D6E /* AppDelegate.swift in Sources */,
				8C532B541F3A1B74001F645B /* LeftMenuViewController.swift in Sources */,
				8C12946A1F3A082700550D6E /* SWRevealViewController.m in Sources */,
			);
			runOnlyForDeploymentPostprocessing = 0;
		};
		8C1294461F3A074D00550D6E /* Sources */ = {
			isa = PBXSourcesBuildPhase;
			buildActionMask = 2147483647;
			files = (
				8C12944F1F3A074D00550D6E /* SWRevealViewTests.swift in Sources */,
			);
			runOnlyForDeploymentPostprocessing = 0;
		};
		8C1294511F3A074D00550D6E /* Sources */ = {
			isa = PBXSourcesBuildPhase;
			buildActionMask = 2147483647;
			files = (
				8C12945A1F3A074D00550D6E /* SWRevealViewUITests.swift in Sources */,
			);
			runOnlyForDeploymentPostprocessing = 0;
		};
/* End PBXSourcesBuildPhase section */

/* Begin PBXTargetDependency section */
		8C12944C1F3A074D00550D6E /* PBXTargetDependency */ = {
			isa = PBXTargetDependency;
			target = 8C1294351F3A074D00550D6E /* SWRevealView */;
			targetProxy = 8C12944B1F3A074D00550D6E /* PBXContainerItemProxy */;
		};
		8C1294571F3A074D00550D6E /* PBXTargetDependency */ = {
			isa = PBXTargetDependency;
			target = 8C1294351F3A074D00550D6E /* SWRevealView */;
			targetProxy = 8C1294561F3A074D00550D6E /* PBXContainerItemProxy */;
		};
/* End PBXTargetDependency section */

/* Begin PBXVariantGroup section */
		8C12943D1F3A074D00550D6E /* Main.storyboard */ = {
			isa = PBXVariantGroup;
			children = (
				8C12943E1F3A074D00550D6E /* Base */,
			);
			name = Main.storyboard;
			sourceTree = "<group>";
		};
		8C1294421F3A074D00550D6E /* LaunchScreen.storyboard */ = {
			isa = PBXVariantGroup;
			children = (
				8C1294431F3A074D00550D6E /* Base */,
			);
			name = LaunchScreen.storyboard;
			sourceTree = "<group>";
		};
/* End PBXVariantGroup section */

/* Begin XCBuildConfiguration section */
		8C12945C1F3A074D00550D6E /* Debug */ = {
			isa = XCBuildConfiguration;
			buildSettings = {
				ALWAYS_SEARCH_USER_PATHS = NO;
				CLANG_ANALYZER_NONNULL = YES;
				CLANG_ANALYZER_NUMBER_OBJECT_CONVERSION = YES_AGGRESSIVE;
				CLANG_CXX_LANGUAGE_STANDARD = "gnu++0x";
				CLANG_CXX_LIBRARY = "libc++";
				CLANG_ENABLE_MODULES = YES;
				CLANG_ENABLE_OBJC_ARC = YES;
				CLANG_WARN_BOOL_CONVERSION = YES;
				CLANG_WARN_CONSTANT_CONVERSION = YES;
				CLANG_WARN_DIRECT_OBJC_ISA_USAGE = YES_ERROR;
				CLANG_WARN_DOCUMENTATION_COMMENTS = YES;
				CLANG_WARN_EMPTY_BODY = YES;
				CLANG_WARN_ENUM_CONVERSION = YES;
				CLANG_WARN_INFINITE_RECURSION = YES;
				CLANG_WARN_INT_CONVERSION = YES;
				CLANG_WARN_OBJC_ROOT_CLASS = YES_ERROR;
				CLANG_WARN_SUSPICIOUS_MOVE = YES;
				CLANG_WARN_UNREACHABLE_CODE = YES;
				CLANG_WARN__DUPLICATE_METHOD_MATCH = YES;
				"CODE_SIGN_IDENTITY[sdk=iphoneos*]" = "iPhone Developer";
				COPY_PHASE_STRIP = NO;
				DEBUG_INFORMATION_FORMAT = dwarf;
				ENABLE_STRICT_OBJC_MSGSEND = YES;
				ENABLE_TESTABILITY = YES;
				GCC_C_LANGUAGE_STANDARD = gnu99;
				GCC_DYNAMIC_NO_PIC = NO;
				GCC_NO_COMMON_BLOCKS = YES;
				GCC_OPTIMIZATION_LEVEL = 0;
				GCC_PREPROCESSOR_DEFINITIONS = (
					"DEBUG=1",
					"$(inherited)",
				);
				GCC_WARN_64_TO_32_BIT_CONVERSION = YES;
				GCC_WARN_ABOUT_RETURN_TYPE = YES_ERROR;
				GCC_WARN_UNDECLARED_SELECTOR = YES;
				GCC_WARN_UNINITIALIZED_AUTOS = YES_AGGRESSIVE;
				GCC_WARN_UNUSED_FUNCTION = YES;
				GCC_WARN_UNUSED_VARIABLE = YES;
				IPHONEOS_DEPLOYMENT_TARGET = 10.3;
				MTL_ENABLE_DEBUG_INFO = YES;
				ONLY_ACTIVE_ARCH = YES;
				SDKROOT = iphoneos;
				SWIFT_ACTIVE_COMPILATION_CONDITIONS = DEBUG;
				SWIFT_OPTIMIZATION_LEVEL = "-Onone";
				TARGETED_DEVICE_FAMILY = "1,2";
			};
			name = Debug;
		};
		8C12945D1F3A074D00550D6E /* Release */ = {
			isa = XCBuildConfiguration;
			buildSettings = {
				ALWAYS_SEARCH_USER_PATHS = NO;
				CLANG_ANALYZER_NONNULL = YES;
				CLANG_ANALYZER_NUMBER_OBJECT_CONVERSION = YES_AGGRESSIVE;
				CLANG_CXX_LANGUAGE_STANDARD = "gnu++0x";
				CLANG_CXX_LIBRARY = "libc++";
				CLANG_ENABLE_MODULES = YES;
				CLANG_ENABLE_OBJC_ARC = YES;
				CLANG_WARN_BOOL_CONVERSION = YES;
				CLANG_WARN_CONSTANT_CONVERSION = YES;
				CLANG_WARN_DIRECT_OBJC_ISA_USAGE = YES_ERROR;
				CLANG_WARN_DOCUMENTATION_COMMENTS = YES;
				CLANG_WARN_EMPTY_BODY = YES;
				CLANG_WARN_ENUM_CONVERSION = YES;
				CLANG_WARN_INFINITE_RECURSION = YES;
				CLANG_WARN_INT_CONVERSION = YES;
				CLANG_WARN_OBJC_ROOT_CLASS = YES_ERROR;
				CLANG_WARN_SUSPICIOUS_MOVE = YES;
				CLANG_WARN_UNREACHABLE_CODE = YES;
				CLANG_WARN__DUPLICATE_METHOD_MATCH = YES;
				"CODE_SIGN_IDENTITY[sdk=iphoneos*]" = "iPhone Developer";
				COPY_PHASE_STRIP = NO;
				DEBUG_INFORMATION_FORMAT = "dwarf-with-dsym";
				ENABLE_NS_ASSERTIONS = NO;
				ENABLE_STRICT_OBJC_MSGSEND = YES;
				GCC_C_LANGUAGE_STANDARD = gnu99;
				GCC_NO_COMMON_BLOCKS = YES;
				GCC_WARN_64_TO_32_BIT_CONVERSION = YES;
				GCC_WARN_ABOUT_RETURN_TYPE = YES_ERROR;
				GCC_WARN_UNDECLARED_SELECTOR = YES;
				GCC_WARN_UNINITIALIZED_AUTOS = YES_AGGRESSIVE;
				GCC_WARN_UNUSED_FUNCTION = YES;
				GCC_WARN_UNUSED_VARIABLE = YES;
				IPHONEOS_DEPLOYMENT_TARGET = 10.3;
				MTL_ENABLE_DEBUG_INFO = NO;
				SDKROOT = iphoneos;
				SWIFT_OPTIMIZATION_LEVEL = "-Owholemodule";
				TARGETED_DEVICE_FAMILY = "1,2";
				VALIDATE_PRODUCT = YES;
			};
			name = Release;
		};
		8C12945F1F3A074D00550D6E /* Debug */ = {
			isa = XCBuildConfiguration;
			buildSettings = {
				ASSETCATALOG_COMPILER_APPICON_NAME = AppIcon;
				CLANG_ENABLE_MODULES = YES;
				DEVELOPMENT_TEAM = PETS3Y3UCQ;
				INFOPLIST_FILE = SWRevealView/Info.plist;
				LD_RUNPATH_SEARCH_PATHS = "$(inherited) @executable_path/Frameworks";
				PRODUCT_BUNDLE_IDENTIFIER = de.hsb.SWRevealView;
				PRODUCT_NAME = "$(TARGET_NAME)";
				SWIFT_OBJC_BRIDGING_HEADER = "SWRevealView/SWRevealView-Bridging-Header.h";
				SWIFT_OPTIMIZATION_LEVEL = "-Onone";
				SWIFT_VERSION = 3.0;
			};
			name = Debug;
		};
		8C1294601F3A074D00550D6E /* Release */ = {
			isa = XCBuildConfiguration;
			buildSettings = {
				ASSETCATALOG_COMPILER_APPICON_NAME = AppIcon;
				CLANG_ENABLE_MODULES = YES;
				DEVELOPMENT_TEAM = PETS3Y3UCQ;
				INFOPLIST_FILE = SWRevealView/Info.plist;
				LD_RUNPATH_SEARCH_PATHS = "$(inherited) @executable_path/Frameworks";
				PRODUCT_BUNDLE_IDENTIFIER = de.hsb.SWRevealView;
				PRODUCT_NAME = "$(TARGET_NAME)";
				SWIFT_OBJC_BRIDGING_HEADER = "SWRevealView/SWRevealView-Bridging-Header.h";
				SWIFT_VERSION = 3.0;
			};
			name = Release;
		};
		8C1294621F3A074D00550D6E /* Debug */ = {
			isa = XCBuildConfiguration;
			buildSettings = {
				ALWAYS_EMBED_SWIFT_STANDARD_LIBRARIES = YES;
				BUNDLE_LOADER = "$(TEST_HOST)";
				DEVELOPMENT_TEAM = PETS3Y3UCQ;
				INFOPLIST_FILE = SWRevealViewTests/Info.plist;
				LD_RUNPATH_SEARCH_PATHS = "$(inherited) @executable_path/Frameworks @loader_path/Frameworks";
				PRODUCT_BUNDLE_IDENTIFIER = de.hsb.SWRevealViewTests;
				PRODUCT_NAME = "$(TARGET_NAME)";
				SWIFT_VERSION = 3.0;
				TEST_HOST = "$(BUILT_PRODUCTS_DIR)/SWRevealView.app/SWRevealView";
			};
			name = Debug;
		};
		8C1294631F3A074D00550D6E /* Release */ = {
			isa = XCBuildConfiguration;
			buildSettings = {
				ALWAYS_EMBED_SWIFT_STANDARD_LIBRARIES = YES;
				BUNDLE_LOADER = "$(TEST_HOST)";
				DEVELOPMENT_TEAM = PETS3Y3UCQ;
				INFOPLIST_FILE = SWRevealViewTests/Info.plist;
				LD_RUNPATH_SEARCH_PATHS = "$(inherited) @executable_path/Frameworks @loader_path/Frameworks";
				PRODUCT_BUNDLE_IDENTIFIER = de.hsb.SWRevealViewTests;
				PRODUCT_NAME = "$(TARGET_NAME)";
				SWIFT_VERSION = 3.0;
				TEST_HOST = "$(BUILT_PRODUCTS_DIR)/SWRevealView.app/SWRevealView";
			};
			name = Release;
		};
		8C1294651F3A074D00550D6E /* Debug */ = {
			isa = XCBuildConfiguration;
			buildSettings = {
				ALWAYS_EMBED_SWIFT_STANDARD_LIBRARIES = YES;
				DEVELOPMENT_TEAM = PETS3Y3UCQ;
				INFOPLIST_FILE = SWRevealViewUITests/Info.plist;
				LD_RUNPATH_SEARCH_PATHS = "$(inherited) @executable_path/Frameworks @loader_path/Frameworks";
				PRODUCT_BUNDLE_IDENTIFIER = de.hsb.SWRevealViewUITests;
				PRODUCT_NAME = "$(TARGET_NAME)";
				SWIFT_VERSION = 3.0;
				TEST_TARGET_NAME = SWRevealView;
			};
			name = Debug;
		};
		8C1294661F3A074D00550D6E /* Release */ = {
			isa = XCBuildConfiguration;
			buildSettings = {
				ALWAYS_EMBED_SWIFT_STANDARD_LIBRARIES = YES;
				DEVELOPMENT_TEAM = PETS3Y3UCQ;
				INFOPLIST_FILE = SWRevealViewUITests/Info.plist;
				LD_RUNPATH_SEARCH_PATHS = "$(inherited) @executable_path/Frameworks @loader_path/Frameworks";
				PRODUCT_BUNDLE_IDENTIFIER = de.hsb.SWRevealViewUITests;
				PRODUCT_NAME = "$(TARGET_NAME)";
				SWIFT_VERSION = 3.0;
				TEST_TARGET_NAME = SWRevealView;
			};
			name = Release;
		};
/* End XCBuildConfiguration section */

/* Begin XCConfigurationList section */
		8C1294311F3A074D00550D6E /* Build configuration list for PBXProject "SWRevealView" */ = {
			isa = XCConfigurationList;
			buildConfigurations = (
				8C12945C1F3A074D00550D6E /* Debug */,
				8C12945D1F3A074D00550D6E /* Release */,
			);
			defaultConfigurationIsVisible = 0;
			defaultConfigurationName = Release;
		};
		8C12945E1F3A074D00550D6E /* Build configuration list for PBXNativeTarget "SWRevealView" */ = {
			isa = XCConfigurationList;
			buildConfigurations = (
				8C12945F1F3A074D00550D6E /* Debug */,
				8C1294601F3A074D00550D6E /* Release */,
			);
			defaultConfigurationIsVisible = 0;
			defaultConfigurationName = Release;
		};
		8C1294611F3A074D00550D6E /* Build configuration list for PBXNativeTarget "SWRevealViewTests" */ = {
			isa = XCConfigurationList;
			buildConfigurations = (
				8C1294621F3A074D00550D6E /* Debug */,
				8C1294631F3A074D00550D6E /* Release */,
			);
			defaultConfigurationIsVisible = 0;
			defaultConfigurationName = Release;
		};
		8C1294641F3A074D00550D6E /* Build configuration list for PBXNativeTarget "SWRevealViewUITests" */ = {
			isa = XCConfigurationList;
			buildConfigurations = (
				8C1294651F3A074D00550D6E /* Debug */,
				8C1294661F3A074D00550D6E /* Release */,
			);
			defaultConfigurationIsVisible = 0;
			defaultConfigurationName = Release;
		};
/* End XCConfigurationList section */
	};
	rootObject = 8C12942E1F3A074D00550D6E /* Project object */;
}
